PATH
  remote: .
  specs:
    fastly (4.0.0)
      typhoeus (~> 1.0, >= 1.0.1)

GEM
  remote: https://rubygems.org/
  specs:
    ethon (0.18.0)
      ffi (>= 1.15.0)
      logger
    ffi (1.17.4)
    ffi (1.17.4-arm64-darwin)
    ffi (1.17.4-x86_64-linux-gnu)
    logger (1.7.0)
    rake (13.0.6)
    typhoeus (1.6.0)
      ethon (>= 0.18.0)

PLATFORMS
  arm64-darwin-21
  ruby
  x86_64-linux

DEPENDENCIES
  fastly!
  rake (~> 13.0.1)

BUNDLED WITH
   2.3.3
